// !$*UTF8*$!
{
	archiveVersion = 1;
	classes = {
	};
	objectVersion = 50;
	objects = {

/* Begin PBXBuildFile section */
		044AEAF123D1963F005011AE /* AppDelegate.swift in Sources */ = {isa = PBXBuildFile; fileRef = 044AEAF023D1963F005011AE /* AppDelegate.swift */; };
		044AEAF323D1963F005011AE /* SceneDelegate.swift in Sources */ = {isa = PBXBuildFile; fileRef = 044AEAF223D1963F005011AE /* SceneDelegate.swift */; };
		044AEAF523D1963F005011AE /* ViewController.swift in Sources */ = {isa = PBXBuildFile; fileRef = 044AEAF423D1963F005011AE /* ViewController.swift */; };
		044AEAF823D1963F005011AE /* Main.storyboard in Resources */ = {isa = PBXBuildFile; fileRef = 044AEAF623D1963F005011AE /* Main.storyboard */; };
		044AEAFA23D19642005011AE /* Assets.xcassets in Resources */ = {isa = PBXBuildFile; fileRef = 044AEAF923D19642005011AE /* Assets.xcassets */; };
		044AEAFD23D19642005011AE /* LaunchScreen.storyboard in Resources */ = {isa = PBXBuildFile; fileRef = 044AEAFB23D19642005011AE /* LaunchScreen.storyboard */; };
		044AEB0523D1A272005011AE /* Model.swift in Sources */ = {isa = PBXBuildFile; fileRef = 044AEB0423D1A272005011AE /* Model.swift */; };
		044AEB0723D1BEE4005011AE /* DetailViewController.swift in Sources */ = {isa = PBXBuildFile; fileRef = 044AEB0623D1BEE4005011AE /* DetailViewController.swift */; };
/* End PBXBuildFile section */

/* Begin PBXFileReference section */
		044AEAED23D1963F005011AE /* TableViewNavControllers.app */ = {isa = PBXFileReference; explicitFileType = wrapper.application; includeInIndex = 0; path = TableViewNavControllers.app; sourceTree = BUILT_PRODUCTS_DIR; };
		044AEAF023D1963F005011AE /* AppDelegate.swift */ = {isa = PBXFileReference; lastKnownFileType = sourcecode.swift; path = AppDelegate.swift; sourceTree = "<group>"; };
		044AEAF223D1963F005011AE /* SceneDelegate.swift */ = {isa = PBXFileReference; lastKnownFileType = sourcecode.swift; path = SceneDelegate.swift; sourceTree = "<group>"; };
		044AEAF423D1963F005011AE /* ViewController.swift */ = {isa = PBXFileReference; lastKnownFileType = sourcecode.swift; path = ViewController.swift; sourceTree = "<group>"; };
		044AEAF723D1963F005011AE /* Base */ = {isa = PBXFileReference; lastKnownFileType = file.storyboard; name = Base; path = Base.lproj/Main.storyboard; sourceTree = "<group>"; };
		044AEAF923D19642005011AE /* Assets.xcassets */ = {isa = PBXFileReference; lastKnownFileType = folder.assetcatalog; path = Assets.xcassets; sourceTree = "<group>"; };
		044AEAFC23D19642005011AE /* Base */ = {isa = PBXFileReference; lastKnownFileType = file.storyboard; name = Base; path = Base.lproj/LaunchScreen.storyboard; sourceTree = "<group>"; };
		044AEAFE23D19642005011AE /* Info.plist */ = {isa = PBXFileReference; lastKnownFileType = text.plist.xml; path = Info.plist; sourceTree = "<group>"; };
		044AEB0423D1A272005011AE /* Model.swift */ = {isa = PBXFileReference; lastKnownFileType = sourcecode.swift; path = Model.swift; sourceTree = "<group>"; };
		044AEB0623D1BEE4005011AE /* DetailViewController.swift */ = {isa = PBXFileReference; lastKnownFileType = sourcecode.swift; path = DetailViewController.swift; sourceTree = "<group>"; };
/* End PBXFileReference section */

/* Begin PBXFrameworksBuildPhase section */
		044AEAEA23D1963F005011AE /* Frameworks */ = {
			isa = PBXFrameworksBuildPhase;
			buildActionMask = 2147483647;
			files = (
			);
			runOnlyForDeploymentPostprocessing = 0;
		};
/* End PBXFrameworksBuildPhase section */

/* Begin PBXGroup section */
		044AEAE423D1963F005011AE = {
			isa = PBXGroup;
			children = (
				044AEAEF23D1963F005011AE /* TableViewNavControllers */,
				044AEAEE23D1963F005011AE /* Products */,
			);
			sourceTree = "<group>";
		};
		044AEAEE23D1963F005011AE /* Products */ = {
			isa = PBXGroup;
			children = (
				044AEAED23D1963F005011AE /* TableViewNavControllers.app */,
			);
			name = Products;
			sourceTree = "<group>";
		};
		044AEAEF23D1963F005011AE /* TableViewNavControllers */ = {
			isa = PBXGroup;
			children = (
				044AEAF023D1963F005011AE /* AppDelegate.swift */,
				044AEAF223D1963F005011AE /* SceneDelegate.swift */,
				044AEAF423D1963F005011AE /* ViewController.swift */,
				044AEAF623D1963F005011AE /* Main.storyboard */,
				044AEB0623D1BEE4005011AE /* DetailViewController.swift */,
				044AEB0423D1A272005011AE /* Model.swift */,
				044AEAF923D19642005011AE /* Assets.xcassets */,
				044AEAFB23D19642005011AE /* LaunchScreen.storyboard */,
				044AEAFE23D19642005011AE /* Info.plist */,
			);
			path = TableViewNavControllers;
			sourceTree = "<group>";
		};
/* End PBXGroup section */

/* Begin PBXNativeTarget section */
		044AEAEC23D1963F005011AE /* TableViewNavControllers */ = {
			isa = PBXNativeTarget;
			buildConfigurationList = 044AEB0123D19642005011AE /* Build configuration list for PBXNativeTarget "TableViewNavControllers" */;
			buildPhases = (
				044AEAE923D1963F005011AE /* Sources */,
				044AEAEA23D1963F005011AE /* Frameworks */,
				044AEAEB23D1963F005011AE /* Resources */,
			);
			buildRules = (
			);
			dependencies = (
			);
			name = TableViewNavControllers;
			productName = TableViewNavControllers;
			productReference = 044AEAED23D1963F005011AE /* TableViewNavControllers.app */;
			productType = "com.apple.product-type.application";
		};
/* End PBXNativeTarget section */

/* Begin PBXProject section */
		044AEAE523D1963F005011AE /* Project object */ = {
			isa = PBXProject;
			attributes = {
				LastSwiftUpdateCheck = 1130;
				LastUpgradeCheck = 1130;
				ORGANIZATIONNAME = mac;
				TargetAttributes = {
					044AEAEC23D1963F005011AE = {
						CreatedOnToolsVersion = 11.3;
					};
				};
			};
			buildConfigurationList = 044AEAE823D1963F005011AE /* Build configuration list for PBXProject "TableViewNavControllers" */;
			compatibilityVersion = "Xcode 9.3";
			developmentRegion = en;
			hasScannedForEncodings = 0;
			knownRegions = (
				en,
				Base,
			);
			mainGroup = 044AEAE423D1963F005011AE;
			productRefGroup = 044AEAEE23D1963F005011AE /* Products */;
			projectDirPath = "";
			projectRoot = "";
			targets = (
				044AEAEC23D1963F005011AE /* TableViewNavControllers */,
			);
		};
/* End PBXProject section */

/* Begin PBXResourcesBuildPhase section */
		044AEAEB23D1963F005011AE /* Resources */ = {
			isa = PBXResourcesBuildPhase;
			buildActionMask = 2147483647;
			files = (
				044AEAFD23D19642005011AE /* LaunchScreen.storyboard in Resources */,
				044AEAFA23D19642005011AE /* Assets.xcassets in Resources */,
				044AEAF823D1963F005011AE /* Main.storyboard in Resources */,
			);
			runOnlyForDeploymentPostprocessing = 0;
		};
/* End PBXResourcesBuildPhase section */

/* Begin PBXSourcesBuildPhase section */
		044AEAE923D1963F005011AE /* Sources */ = {
			isa = PBXSourcesBuildPhase;
			buildActionMask = 2147483647;
			files = (
				044AEAF523D1963F005011AE /* ViewController.swift in Sources */,
				044AEAF123D1963F005011AE /* AppDelegate.swift in Sources */,
				044AEB0723D1BEE4005011AE /* DetailViewController.swift in Sources */,
				044AEAF323D1963F005011AE /* SceneDelegate.swift in Sources */,
				044AEB0523D1A272005011AE /* Model.swift in Sources */,
			);
			runOnlyForDeploymentPostprocessing = 0;
		};
/* End PBXSourcesBuildPhase section */

/* Begin PBXVariantGroup section */
		044AEAF623D1963F005011AE /* Main.storyboard */ = {
			isa = PBXVariantGroup;
			children = (
				044AEAF723D1963F005011AE /* Base */,
			);
			name = Main.storyboard;
			sourceTree = "<group>";
		};
		044AEAFB23D19642005011AE /* LaunchScreen.storyboard */ = {
			isa = PBXVariantGroup;
			children = (
				044AEAFC23D19642005011AE /* Base */,
			);
			name = LaunchScreen.storyboard;
			sourceTree = "<group>";
		};
/* End PBXVariantGroup section */

/* Begin XCBuildConfiguration section */
		044AEAFF23D19642005011AE /* Debug */ = {
			isa = XCBuildConfiguration;
			buildSettings = {
				ALWAYS_SEARCH_USER_PATHS = NO;
				CLANG_ANALYZER_NONNULL = YES;
				CLANG_ANALYZER_NUMBER_OBJECT_CONVERSION = YES_AGGRESSIVE;
				CLANG_CXX_LANGUAGE_STANDARD = "gnu++14";
				CLANG_CXX_LIBRARY = "libc++";
				CLANG_ENABLE_MODULES = YES;
				CLANG_ENABLE_OBJC_ARC = YES;
				CLANG_ENABLE_OBJC_WEAK = YES;
				CLANG_WARN_BLOCK_CAPTURE_AUTORELEASING = YES;
				CLANG_WARN_BOOL_CONVERSION = YES;
				CLANG_WARN_COMMA = YES;
				CLANG_WARN_CONSTANT_CONVERSION = YES;
				CLANG_WARN_DEPRECATED_OBJC_IMPLEMENTATIONS = YES;
				CLANG_WARN_DIRECT_OBJC_ISA_USAGE = YES_ERROR;
				CLANG_WARN_DOCUMENTATION_COMMENTS = YES;
				CLANG_WARN_EMPTY_BODY = YES;
				CLANG_WARN_ENUM_CONVERSION = YES;
				CLANG_WARN_INFINITE_RECURSION = YES;
				CLANG_WARN_INT_CONVERSION = YES;
				CLANG_WARN_NON_LITERAL_NULL_CONVERSION = YES;
				CLANG_WARN_OBJC_IMPLICIT_RETAIN_SELF = YES;
				CLANG_WARN_OBJC_LITERAL_CONVERSION = YES;
				CLANG_WARN_OBJC_ROOT_CLASS = YES_ERROR;
				CLANG_WARN_RANGE_LOOP_ANALYSIS = YES;
				CLANG_WARN_STRICT_PROTOTYPES = YES;
				CLANG_WARN_SUSPICIOUS_MOVE = YES;
				CLANG_WARN_UNGUARDED_AVAILABILITY = YES_AGGRESSIVE;
				CLANG_WARN_UNREACHABLE_CODE = YES;
				CLANG_WARN__DUPLICATE_METHOD_MATCH = YES;
				COPY_PHASE_STRIP = NO;
				DEBUG_INFORMATION_FORMAT = dwarf;
				ENABLE_STRICT_OBJC_MSGSEND = YES;
				ENABLE_TESTABILITY = YES;
				GCC_C_LANGUAGE_STANDARD = gnu11;
				GCC_DYNAMIC_NO_PIC = NO;
				GCC_NO_COMMON_BLOCKS = YES;
				GCC_OPTIMIZATION_LEVEL = 0;
				GCC_PREPROCESSOR_DEFINITIONS = (
					"DEBUG=1",
					"$(inherited)",
				);
				GCC_WARN_64_TO_32_BIT_CONVERSION = YES;
				GCC_WARN_ABOUT_RETURN_TYPE = YES_ERROR;
				GCC_WARN_UNDECLARED_SELECTOR = YES;
				GCC_WARN_UNINITIALIZED_AUTOS = YES_AGGRESSIVE;
				GCC_WARN_UNUSED_FUNCTION = YES;
				GCC_WARN_UNUSED_VARIABLE = YES;
				IPHONEOS_DEPLOYMENT_TARGET = 13.2;
				MTL_ENABLE_DEBUG_INFO = INCLUDE_SOURCE;
				MTL_FAST_MATH = YES;
				ONLY_ACTIVE_ARCH = YES;
				SDKROOT = iphoneos;
				SWIFT_ACTIVE_COMPILATION_CONDITIONS = DEBUG;
				SWIFT_OPTIMIZATION_LEVEL = "-Onone";
			};
			name = Debug;
		};
		044AEB0023D19642005011AE /* Release */ = {
			isa = XCBuildConfiguration;
			buildSettings = {
				ALWAYS_SEARCH_USER_PATHS = NO;
				CLANG_ANALYZER_NONNULL = YES;
				CLANG_ANALYZER_NUMBER_OBJECT_CONVERSION = YES_AGGRESSIVE;
				CLANG_CXX_LANGUAGE_STANDARD = "gnu++14";
				CLANG_CXX_LIBRARY = "libc++";
				CLANG_ENABLE_MODULES = YES;
				CLANG_ENABLE_OBJC_ARC = YES;
				CLANG_ENABLE_OBJC_WEAK = YES;
				CLANG_WARN_BLOCK_CAPTURE_AUTORELEASING = YES;
				CLANG_WARN_BOOL_CONVERSION = YES;
				CLANG_WARN_COMMA = YES;
				CLANG_WARN_CONSTANT_CONVERSION = YES;
				CLANG_WARN_DEPRECATED_OBJC_IMPLEMENTATIONS = YES;
				CLANG_WARN_DIRECT_OBJC_ISA_USAGE = YES_ERROR;
				CLANG_WARN_DOCUMENTATION_COMMENTS = YES;
				CLANG_WARN_EMPTY_BODY = YES;
				CLANG_WARN_ENUM_CONVERSION = YES;
				CLANG_WARN_INFINITE_RECURSION = YES;
				CLANG_WARN_INT_CONVERSION = YES;
				CLANG_WARN_NON_LITERAL_NULL_CONVERSION = YES;
				CLANG_WARN_OBJC_IMPLICIT_RETAIN_SELF = YES;
				CLANG_WARN_OBJC_LITERAL_CONVERSION = YES;
				CLANG_WARN_OBJC_ROOT_CLASS = YES_ERROR;
				CLANG_WARN_RANGE_LOOP_ANALYSIS = YES;
				CLANG_WARN_STRICT_PROTOTYPES = YES;
				CLANG_WARN_SUSPICIOUS_MOVE = YES;
				CLANG_WARN_UNGUARDED_AVAILABILITY = YES_AGGRESSIVE;
				CLANG_WARN_UNREACHABLE_CODE = YES;
				CLANG_WARN__DUPLICATE_METHOD_MATCH = YES;
				COPY_PHASE_STRIP = NO;
				DEBUG_INFORMATION_FORMAT = "dwarf-with-dsym";
				ENABLE_NS_ASSERTIONS = NO;
				ENABLE_STRICT_OBJC_MSGSEND = YES;
				GCC_C_LANGUAGE_STANDARD = gnu11;
				GCC_NO_COMMON_BLOCKS = YES;
				GCC_WARN_64_TO_32_BIT_CONVERSION = YES;
				GCC_WARN_ABOUT_RETURN_TYPE = YES_ERROR;
				GCC_WARN_UNDECLARED_SELECTOR = YES;
				GCC_WARN_UNINITIALIZED_AUTOS = YES_AGGRESSIVE;
				GCC_WARN_UNUSED_FUNCTION = YES;
				GCC_WARN_UNUSED_VARIABLE = YES;
				IPHONEOS_DEPLOYMENT_TARGET = 13.2;
				MTL_ENABLE_DEBUG_INFO = NO;
				MTL_FAST_MATH = YES;
				SDKROOT = iphoneos;
				SWIFT_COMPILATION_MODE = wholemodule;
				SWIFT_OPTIMIZATION_LEVEL = "-O";
				VALIDATE_PRODUCT = YES;
			};
			name = Release;
		};
		044AEB0223D19642005011AE /* Debug */ = {
			isa = XCBuildConfiguration;
			buildSettings = {
				ASSETCATALOG_COMPILER_APPICON_NAME = AppIcon;
				CODE_SIGN_STYLE = Automatic;
				DEVELOPMENT_TEAM = LA9NXSXDDA;
				INFOPLIST_FILE = TableViewNavControllers/Info.plist;
				LD_RUNPATH_SEARCH_PATHS = (
					"$(inherited)",
					"@executable_path/Frameworks",
				);
				PRODUCT_BUNDLE_IDENTIFIER = com.romanwhales.TableViewNavControllers;
				PRODUCT_NAME = "$(TARGET_NAME)";
				SWIFT_VERSION = 5.0;
				TARGETED_DEVICE_FAMILY = "1,2";
			};
			name = Debug;
		};
		044AEB0323D19642005011AE /* Release */ = {
			isa = XCBuildConfiguration;
			buildSettings = {
				ASSETCATALOG_COMPILER_APPICON_NAME = AppIcon;
				CODE_SIGN_STYLE = Automatic;
				DEVELOPMENT_TEAM = LA9NXSXDDA;
				INFOPLIST_FILE = TableViewNavControllers/Info.plist;
				LD_RUNPATH_SEARCH_PATHS = (
					"$(inherited)",
					"@executable_path/Frameworks",
				);
				PRODUCT_BUNDLE_IDENTIFIER = com.romanwhales.TableViewNavControllers;
				PRODUCT_NAME = "$(TARGET_NAME)";
				SWIFT_VERSION = 5.0;
				TARGETED_DEVICE_FAMILY = "1,2";
			};
			name = Release;
		};
/* End XCBuildConfiguration section */

/* Begin XCConfigurationList section */
		044AEAE823D1963F005011AE /* Build configuration list for PBXProject "TableViewNavControllers" */ = {
			isa = XCConfigurationList;
			buildConfigurations = (
				044AEAFF23D19642005011AE /* Debug */,
				044AEB0023D19642005011AE /* Release */,
			);
			defaultConfigurationIsVisible = 0;
			defaultConfigurationName = Release;
		};
		044AEB0123D19642005011AE /* Build configuration list for PBXNativeTarget "TableViewNavControllers" */ = {
			isa = XCConfigurationList;
			buildConfigurations = (
				044AEB0223D19642005011AE /* Debug */,
				044AEB0323D19642005011AE /* Release */,
			);
			defaultConfigurationIsVisible = 0;
			defaultConfigurationName = Release;
		};
/* End XCConfigurationList section */
	};
	rootObject = 044AEAE523D1963F005011AE /* Project object */;
}
